// !$*UTF8*$!
{
	archiveVersion = 1;
	classes = {
	};
	objectVersion = 51;
	objects = {

/* Begin PBXBuildFile section */
		02D11CA726BB82CC00F13A85 /* NoNotificationsView.swift in Sources */ = {isa = PBXBuildFile; fileRef = 02D11CA626BB82CC00F13A85 /* NoNotificationsView.swift */; };
		02D11CA926BB82E100F13A85 /* Dimensions.swift in Sources */ = {isa = PBXBuildFile; fileRef = 02D11CA826BB82E100F13A85 /* Dimensions.swift */; };
		13FAA1A326B0EA3A00C9E308 /* SignInViewControllerTemp.swift in Sources */ = {isa = PBXBuildFile; fileRef = 13FAA1A226B0EA3900C9E308 /* SignInViewControllerTemp.swift */; };
		42858AE6A0980E9D0CEDE0A4 /* Pods_WantTon.framework in Frameworks */ = {isa = PBXBuildFile; fileRef = 5C96999B874AE5AD75967D70 /* Pods_WantTon.framework */; };
		6E0FAAA326B38F2C00C6D122 /* JoinCirclesViewController.swift in Sources */ = {isa = PBXBuildFile; fileRef = 6E0FAAA226B38F2C00C6D122 /* JoinCirclesViewController.swift */; };
		6E19630426A0EFC900385AF4 /* ProfileViewController.swift in Sources */ = {isa = PBXBuildFile; fileRef = 6E19630326A0EFC900385AF4 /* ProfileViewController.swift */; };
		6E19630626A0F0EF00385AF4 /* NotificationsViewController.swift in Sources */ = {isa = PBXBuildFile; fileRef = 6E19630526A0F0EF00385AF4 /* NotificationsViewController.swift */; };
		6E19630826A0F30700385AF4 /* TabBarViewController.swift in Sources */ = {isa = PBXBuildFile; fileRef = 6E19630726A0F30700385AF4 /* TabBarViewController.swift */; };
		6E19630A26A0F37B00385AF4 /* HomeViewController.swift in Sources */ = {isa = PBXBuildFile; fileRef = 6E19630926A0F37B00385AF4 /* HomeViewController.swift */; };
		6E19630C26A0F39900385AF4 /* CirclesViewController.swift in Sources */ = {isa = PBXBuildFile; fileRef = 6E19630B26A0F39900385AF4 /* CirclesViewController.swift */; };
		6E2E30A626A3814F00FF7D3E /* Post.swift in Sources */ = {isa = PBXBuildFile; fileRef = 6E2E30A526A3814F00FF7D3E /* Post.swift */; };
		6E2E30A826A388B000FF7D3E /* PostCollectionViewCell.swift in Sources */ = {isa = PBXBuildFile; fileRef = 6E2E30A726A388B000FF7D3E /* PostCollectionViewCell.swift */; };
		6E93645626BB8353002DE972 /* GoogleService-Info.plist in Resources */ = {isa = PBXBuildFile; fileRef = 6E93645526BB8353002DE972 /* GoogleService-Info.plist */; };
		6E93645826BF4F14002DE972 /* SignUpViewController.swift in Sources */ = {isa = PBXBuildFile; fileRef = 6E93645726BF4F14002DE972 /* SignUpViewController.swift */; };
		6E93645A26BF522A002DE972 /* AddToCircleTableViewCell.swift in Sources */ = {isa = PBXBuildFile; fileRef = 6E93645926BF522A002DE972 /* AddToCircleTableViewCell.swift */; };
		6EA92DE3269CFEEA0073DF82 /* AppDelegate.swift in Sources */ = {isa = PBXBuildFile; fileRef = 6EA92DE2269CFEEA0073DF82 /* AppDelegate.swift */; };
		6EA92DE5269CFEEA0073DF82 /* SceneDelegate.swift in Sources */ = {isa = PBXBuildFile; fileRef = 6EA92DE4269CFEEA0073DF82 /* SceneDelegate.swift */; };
		6EA92DEC269CFEEC0073DF82 /* Assets.xcassets in Resources */ = {isa = PBXBuildFile; fileRef = 6EA92DEB269CFEEC0073DF82 /* Assets.xcassets */; };
		6EA92DEF269CFEEC0073DF82 /* LaunchScreen.storyboard in Resources */ = {isa = PBXBuildFile; fileRef = 6EA92DED269CFEEC0073DF82 /* LaunchScreen.storyboard */; };
		6ED2E8D226AA253A00717D2C /* PostTableViewCell.swift in Sources */ = {isa = PBXBuildFile; fileRef = 6ED2E8D126AA253A00717D2C /* PostTableViewCell.swift */; };
		6ED2E8D426AB836900717D2C /* CreatePostViewController.swift in Sources */ = {isa = PBXBuildFile; fileRef = 6ED2E8D326AB836900717D2C /* CreatePostViewController.swift */; };
		6ED2E8DA26B0A8A500717D2C /* EditProfileViewController.swift in Sources */ = {isa = PBXBuildFile; fileRef = 6ED2E8D926B0A8A500717D2C /* EditProfileViewController.swift */; };
		6ED2E8DC26B0B16800717D2C /* SinglePostViewController.swift in Sources */ = {isa = PBXBuildFile; fileRef = 6ED2E8DB26B0B16800717D2C /* SinglePostViewController.swift */; };
		6ED2E8E026B22D6B00717D2C /* Circle.swift in Sources */ = {isa = PBXBuildFile; fileRef = 6ED2E8DF26B22D6A00717D2C /* Circle.swift */; };
		6ED2E8E226B2382500717D2C /* CircleTableViewCell.swift in Sources */ = {isa = PBXBuildFile; fileRef = 6ED2E8E126B2382400717D2C /* CircleTableViewCell.swift */; };
		6EEBEB5426B7561F005D3740 /* JoinCirclesTableViewCell.swift in Sources */ = {isa = PBXBuildFile; fileRef = 6EEBEB5326B7561F005D3740 /* JoinCirclesTableViewCell.swift */; };
/* End PBXBuildFile section */

/* Begin PBXFileReference section */
		02D11CA626BB82CC00F13A85 /* NoNotificationsView.swift */ = {isa = PBXFileReference; fileEncoding = 4; lastKnownFileType = sourcecode.swift; path = NoNotificationsView.swift; sourceTree = "<group>"; };
		02D11CA826BB82E100F13A85 /* Dimensions.swift */ = {isa = PBXFileReference; fileEncoding = 4; lastKnownFileType = sourcecode.swift; path = Dimensions.swift; sourceTree = "<group>"; };
		13FAA1A226B0EA3900C9E308 /* SignInViewControllerTemp.swift */ = {isa = PBXFileReference; lastKnownFileType = sourcecode.swift; path = SignInViewControllerTemp.swift; sourceTree = "<group>"; };
		15EA7467B3037484BCCCF0D5 /* Pods-WantTon.debug.xcconfig */ = {isa = PBXFileReference; includeInIndex = 1; lastKnownFileType = text.xcconfig; name = "Pods-WantTon.debug.xcconfig"; path = "Target Support Files/Pods-WantTon/Pods-WantTon.debug.xcconfig"; sourceTree = "<group>"; };
		5C96999B874AE5AD75967D70 /* Pods_WantTon.framework */ = {isa = PBXFileReference; explicitFileType = wrapper.framework; includeInIndex = 0; path = Pods_WantTon.framework; sourceTree = BUILT_PRODUCTS_DIR; };
		6E0FAAA226B38F2C00C6D122 /* JoinCirclesViewController.swift */ = {isa = PBXFileReference; lastKnownFileType = sourcecode.swift; path = JoinCirclesViewController.swift; sourceTree = "<group>"; };
		6E19630326A0EFC900385AF4 /* ProfileViewController.swift */ = {isa = PBXFileReference; lastKnownFileType = sourcecode.swift; path = ProfileViewController.swift; sourceTree = "<group>"; };
		6E19630526A0F0EF00385AF4 /* NotificationsViewController.swift */ = {isa = PBXFileReference; lastKnownFileType = sourcecode.swift; path = NotificationsViewController.swift; sourceTree = "<group>"; };
		6E19630726A0F30700385AF4 /* TabBarViewController.swift */ = {isa = PBXFileReference; lastKnownFileType = sourcecode.swift; path = TabBarViewController.swift; sourceTree = "<group>"; };
		6E19630926A0F37B00385AF4 /* HomeViewController.swift */ = {isa = PBXFileReference; lastKnownFileType = sourcecode.swift; path = HomeViewController.swift; sourceTree = "<group>"; };
		6E19630B26A0F39900385AF4 /* CirclesViewController.swift */ = {isa = PBXFileReference; lastKnownFileType = sourcecode.swift; path = CirclesViewController.swift; sourceTree = "<group>"; };
		6E2E30A526A3814F00FF7D3E /* Post.swift */ = {isa = PBXFileReference; lastKnownFileType = sourcecode.swift; path = Post.swift; sourceTree = "<group>"; };
		6E2E30A726A388B000FF7D3E /* PostCollectionViewCell.swift */ = {isa = PBXFileReference; lastKnownFileType = sourcecode.swift; path = PostCollectionViewCell.swift; sourceTree = "<group>"; };
		6E93645526BB8353002DE972 /* GoogleService-Info.plist */ = {isa = PBXFileReference; fileEncoding = 4; lastKnownFileType = text.plist.xml; name = "GoogleService-Info.plist"; path = "../../../../../Downloads/GoogleService-Info.plist"; sourceTree = "<group>"; };
		6E93645726BF4F14002DE972 /* SignUpViewController.swift */ = {isa = PBXFileReference; lastKnownFileType = sourcecode.swift; path = SignUpViewController.swift; sourceTree = "<group>"; };
		6E93645926BF522A002DE972 /* AddToCircleTableViewCell.swift */ = {isa = PBXFileReference; lastKnownFileType = sourcecode.swift; path = AddToCircleTableViewCell.swift; sourceTree = "<group>"; };
		6EA92DDF269CFEEA0073DF82 /* WantTon.app */ = {isa = PBXFileReference; explicitFileType = wrapper.application; includeInIndex = 0; path = WantTon.app; sourceTree = BUILT_PRODUCTS_DIR; };
		6EA92DE2269CFEEA0073DF82 /* AppDelegate.swift */ = {isa = PBXFileReference; lastKnownFileType = sourcecode.swift; path = AppDelegate.swift; sourceTree = "<group>"; };
		6EA92DE4269CFEEA0073DF82 /* SceneDelegate.swift */ = {isa = PBXFileReference; lastKnownFileType = sourcecode.swift; path = SceneDelegate.swift; sourceTree = "<group>"; };
		6EA92DEB269CFEEC0073DF82 /* Assets.xcassets */ = {isa = PBXFileReference; lastKnownFileType = folder.assetcatalog; path = Assets.xcassets; sourceTree = "<group>"; };
		6EA92DEE269CFEEC0073DF82 /* Base */ = {isa = PBXFileReference; lastKnownFileType = file.storyboard; name = Base; path = Base.lproj/LaunchScreen.storyboard; sourceTree = "<group>"; };
		6EA92DF0269CFEEC0073DF82 /* Info.plist */ = {isa = PBXFileReference; lastKnownFileType = text.plist.xml; path = Info.plist; sourceTree = "<group>"; };
		6ED2E8D126AA253A00717D2C /* PostTableViewCell.swift */ = {isa = PBXFileReference; lastKnownFileType = sourcecode.swift; path = PostTableViewCell.swift; sourceTree = "<group>"; };
		6ED2E8D326AB836900717D2C /* CreatePostViewController.swift */ = {isa = PBXFileReference; lastKnownFileType = sourcecode.swift; path = CreatePostViewController.swift; sourceTree = "<group>"; };
		6ED2E8D926B0A8A500717D2C /* EditProfileViewController.swift */ = {isa = PBXFileReference; lastKnownFileType = sourcecode.swift; path = EditProfileViewController.swift; sourceTree = "<group>"; };
		6ED2E8DB26B0B16800717D2C /* SinglePostViewController.swift */ = {isa = PBXFileReference; lastKnownFileType = sourcecode.swift; path = SinglePostViewController.swift; sourceTree = "<group>"; };
		6ED2E8DF26B22D6A00717D2C /* Circle.swift */ = {isa = PBXFileReference; lastKnownFileType = sourcecode.swift; path = Circle.swift; sourceTree = "<group>"; };
		6ED2E8E126B2382400717D2C /* CircleTableViewCell.swift */ = {isa = PBXFileReference; lastKnownFileType = sourcecode.swift; path = CircleTableViewCell.swift; sourceTree = "<group>"; };
		6EEBEB5326B7561F005D3740 /* JoinCirclesTableViewCell.swift */ = {isa = PBXFileReference; lastKnownFileType = sourcecode.swift; path = JoinCirclesTableViewCell.swift; sourceTree = "<group>"; };
		7995854B2FB9F8442CBFC6EA /* Pods-WantTon.release.xcconfig */ = {isa = PBXFileReference; includeInIndex = 1; lastKnownFileType = text.xcconfig; name = "Pods-WantTon.release.xcconfig"; path = "Target Support Files/Pods-WantTon/Pods-WantTon.release.xcconfig"; sourceTree = "<group>"; };
/* End PBXFileReference section */

/* Begin PBXFrameworksBuildPhase section */
		6EA92DDC269CFEEA0073DF82 /* Frameworks */ = {
			isa = PBXFrameworksBuildPhase;
			buildActionMask = 2147483647;
			files = (
				42858AE6A0980E9D0CEDE0A4 /* Pods_WantTon.framework in Frameworks */,
			);
			runOnlyForDeploymentPostprocessing = 0;
		};
/* End PBXFrameworksBuildPhase section */

/* Begin PBXGroup section */
		3B4C0C4DA08A2CEF5F5FE21C /* Frameworks */ = {
			isa = PBXGroup;
			children = (
				5C96999B874AE5AD75967D70 /* Pods_WantTon.framework */,
			);
			name = Frameworks;
			sourceTree = "<group>";
		};
		6EA92DD6269CFEEA0073DF82 = {
			isa = PBXGroup;
			children = (
				6EA92DE1269CFEEA0073DF82 /* WantTon */,
				6EA92DE0269CFEEA0073DF82 /* Products */,
				917BCBDB4C8AC00EB7F70734 /* Pods */,
				3B4C0C4DA08A2CEF5F5FE21C /* Frameworks */,
			);
			sourceTree = "<group>";
		};
		6EA92DE0269CFEEA0073DF82 /* Products */ = {
			isa = PBXGroup;
			children = (
				6EA92DDF269CFEEA0073DF82 /* WantTon.app */,
			);
			name = Products;
			sourceTree = "<group>";
		};
		6EA92DE1269CFEEA0073DF82 /* WantTon */ = {
			isa = PBXGroup;
			children = (
				6EA92DE2269CFEEA0073DF82 /* AppDelegate.swift */,
				6EA92DE4269CFEEA0073DF82 /* SceneDelegate.swift */,
				13FAA1A226B0EA3900C9E308 /* SignInViewControllerTemp.swift */,
				6E93645726BF4F14002DE972 /* SignUpViewController.swift */,
				6E19630726A0F30700385AF4 /* TabBarViewController.swift */,
				6E19630926A0F37B00385AF4 /* HomeViewController.swift */,
				6ED2E8D126AA253A00717D2C /* PostTableViewCell.swift */,
				6ED2E8DB26B0B16800717D2C /* SinglePostViewController.swift */,
				6ED2E8D326AB836900717D2C /* CreatePostViewController.swift */,
				6E93645926BF522A002DE972 /* AddToCircleTableViewCell.swift */,
				02D11CA826BB82E100F13A85 /* Dimensions.swift */,
				02D11CA626BB82CC00F13A85 /* NoNotificationsView.swift */,
				6E19630526A0F0EF00385AF4 /* NotificationsViewController.swift */,
				6E19630B26A0F39900385AF4 /* CirclesViewController.swift */,
				6ED2E8E126B2382400717D2C /* CircleTableViewCell.swift */,
				6E0FAAA226B38F2C00C6D122 /* JoinCirclesViewController.swift */,
				6EEBEB5326B7561F005D3740 /* JoinCirclesTableViewCell.swift */,
				6ED2E8DF26B22D6A00717D2C /* Circle.swift */,
				6E19630326A0EFC900385AF4 /* ProfileViewController.swift */,
				6ED2E8D926B0A8A500717D2C /* EditProfileViewController.swift */,
				6E2E30A726A388B000FF7D3E /* PostCollectionViewCell.swift */,
				6E2E30A526A3814F00FF7D3E /* Post.swift */,
				6E93645526BB8353002DE972 /* GoogleService-Info.plist */,
				6EA92DEB269CFEEC0073DF82 /* Assets.xcassets */,
				6EA92DED269CFEEC0073DF82 /* LaunchScreen.storyboard */,
				6EA92DF0269CFEEC0073DF82 /* Info.plist */,
			);
			path = WantTon;
			sourceTree = "<group>";
		};
		917BCBDB4C8AC00EB7F70734 /* Pods */ = {
			isa = PBXGroup;
			children = (
				15EA7467B3037484BCCCF0D5 /* Pods-WantTon.debug.xcconfig */,
				7995854B2FB9F8442CBFC6EA /* Pods-WantTon.release.xcconfig */,
			);
			path = Pods;
			sourceTree = "<group>";
		};
/* End PBXGroup section */

/* Begin PBXNativeTarget section */
		6EA92DDE269CFEEA0073DF82 /* WantTon */ = {
			isa = PBXNativeTarget;
			buildConfigurationList = 6EA92DF3269CFEEC0073DF82 /* Build configuration list for PBXNativeTarget "WantTon" */;
			buildPhases = (
				9F387166EC8766BB1EF8EC37 /* [CP] Check Pods Manifest.lock */,
				6EA92DDB269CFEEA0073DF82 /* Sources */,
				6EA92DDC269CFEEA0073DF82 /* Frameworks */,
				6EA92DDD269CFEEA0073DF82 /* Resources */,
				508692DB4A5994AF0A775ED8 /* [CP] Embed Pods Frameworks */,
			);
			buildRules = (
			);
			dependencies = (
			);
			name = WantTon;
			productName = WantTon;
			productReference = 6EA92DDF269CFEEA0073DF82 /* WantTon.app */;
			productType = "com.apple.product-type.application";
		};
/* End PBXNativeTarget section */

/* Begin PBXProject section */
		6EA92DD7269CFEEA0073DF82 /* Project object */ = {
			isa = PBXProject;
			attributes = {
				LastSwiftUpdateCheck = 1250;
				LastUpgradeCheck = 1250;
				TargetAttributes = {
					6EA92DDE269CFEEA0073DF82 = {
						CreatedOnToolsVersion = 12.5.1;
					};
				};
			};
			buildConfigurationList = 6EA92DDA269CFEEA0073DF82 /* Build configuration list for PBXProject "WantTon" */;
			compatibilityVersion = "Xcode 9.3";
			developmentRegion = en;
			hasScannedForEncodings = 0;
			knownRegions = (
				en,
				Base,
			);
			mainGroup = 6EA92DD6269CFEEA0073DF82;
			productRefGroup = 6EA92DE0269CFEEA0073DF82 /* Products */;
			projectDirPath = "";
			projectRoot = "";
			targets = (
				6EA92DDE269CFEEA0073DF82 /* WantTon */,
			);
		};
/* End PBXProject section */

/* Begin PBXResourcesBuildPhase section */
		6EA92DDD269CFEEA0073DF82 /* Resources */ = {
			isa = PBXResourcesBuildPhase;
			buildActionMask = 2147483647;
			files = (
				6EA92DEF269CFEEC0073DF82 /* LaunchScreen.storyboard in Resources */,
				6EA92DEC269CFEEC0073DF82 /* Assets.xcassets in Resources */,
				6E93645626BB8353002DE972 /* GoogleService-Info.plist in Resources */,
			);
			runOnlyForDeploymentPostprocessing = 0;
		};
/* End PBXResourcesBuildPhase section */

/* Begin PBXShellScriptBuildPhase section */
		508692DB4A5994AF0A775ED8 /* [CP] Embed Pods Frameworks */ = {
			isa = PBXShellScriptBuildPhase;
			buildActionMask = 2147483647;
			files = (
			);
			inputFileListPaths = (
				"${PODS_ROOT}/Target Support Files/Pods-WantTon/Pods-WantTon-frameworks-${CONFIGURATION}-input-files.xcfilelist",
			);
			name = "[CP] Embed Pods Frameworks";
			outputFileListPaths = (
				"${PODS_ROOT}/Target Support Files/Pods-WantTon/Pods-WantTon-frameworks-${CONFIGURATION}-output-files.xcfilelist",
			);
			runOnlyForDeploymentPostprocessing = 0;
			shellPath = /bin/sh;
			shellScript = "\"${PODS_ROOT}/Target Support Files/Pods-WantTon/Pods-WantTon-frameworks.sh\"\n";
			showEnvVarsInLog = 0;
		};
		9F387166EC8766BB1EF8EC37 /* [CP] Check Pods Manifest.lock */ = {
			isa = PBXShellScriptBuildPhase;
			buildActionMask = 2147483647;
			files = (
			);
			inputFileListPaths = (
			);
			inputPaths = (
				"${PODS_PODFILE_DIR_PATH}/Podfile.lock",
				"${PODS_ROOT}/Manifest.lock",
			);
			name = "[CP] Check Pods Manifest.lock";
			outputFileListPaths = (
			);
			outputPaths = (
				"$(DERIVED_FILE_DIR)/Pods-WantTon-checkManifestLockResult.txt",
			);
			runOnlyForDeploymentPostprocessing = 0;
			shellPath = /bin/sh;
			shellScript = "diff \"${PODS_PODFILE_DIR_PATH}/Podfile.lock\" \"${PODS_ROOT}/Manifest.lock\" > /dev/null\nif [ $? != 0 ] ; then\n    # print error to STDERR\n    echo \"error: The sandbox is not in sync with the Podfile.lock. Run 'pod install' or update your CocoaPods installation.\" >&2\n    exit 1\nfi\n# This output is used by Xcode 'outputs' to avoid re-running this script phase.\necho \"SUCCESS\" > \"${SCRIPT_OUTPUT_FILE_0}\"\n";
			showEnvVarsInLog = 0;
		};
/* End PBXShellScriptBuildPhase section */

/* Begin PBXSourcesBuildPhase section */
		6EA92DDB269CFEEA0073DF82 /* Sources */ = {
			isa = PBXSourcesBuildPhase;
			buildActionMask = 2147483647;
			files = (
				6ED2E8DA26B0A8A500717D2C /* EditProfileViewController.swift in Sources */,
				6E19630C26A0F39900385AF4 /* CirclesViewController.swift in Sources */,
				6E19630626A0F0EF00385AF4 /* NotificationsViewController.swift in Sources */,
				6EA92DE3269CFEEA0073DF82 /* AppDelegate.swift in Sources */,
				6E2E30A626A3814F00FF7D3E /* Post.swift in Sources */,
				6ED2E8E026B22D6B00717D2C /* Circle.swift in Sources */,
				6E19630426A0EFC900385AF4 /* ProfileViewController.swift in Sources */,
				6ED2E8DC26B0B16800717D2C /* SinglePostViewController.swift in Sources */,
				02D11CA726BB82CC00F13A85 /* NoNotificationsView.swift in Sources */,
				6E19630826A0F30700385AF4 /* TabBarViewController.swift in Sources */,
				6EEBEB5426B7561F005D3740 /* JoinCirclesTableViewCell.swift in Sources */,
				6E0FAAA326B38F2C00C6D122 /* JoinCirclesViewController.swift in Sources */,
				6ED2E8E226B2382500717D2C /* CircleTableViewCell.swift in Sources */,
				13FAA1A326B0EA3A00C9E308 /* SignInViewControllerTemp.swift in Sources */,
				6EA92DE5269CFEEA0073DF82 /* SceneDelegate.swift in Sources */,
				6E93645826BF4F14002DE972 /* SignUpViewController.swift in Sources */,
				6ED2E8D426AB836900717D2C /* CreatePostViewController.swift in Sources */,
				02D11CA926BB82E100F13A85 /* Dimensions.swift in Sources */,
				6E93645A26BF522A002DE972 /* AddToCircleTableViewCell.swift in Sources */,
				6ED2E8D226AA253A00717D2C /* PostTableViewCell.swift in Sources */,
				6E19630A26A0F37B00385AF4 /* HomeViewController.swift in Sources */,
				6E2E30A826A388B000FF7D3E /* PostCollectionViewCell.swift in Sources */,
			);
			runOnlyForDeploymentPostprocessing = 0;
		};
/* End PBXSourcesBuildPhase section */

/* Begin PBXVariantGroup section */
		6EA92DED269CFEEC0073DF82 /* LaunchScreen.storyboard */ = {
			isa = PBXVariantGroup;
			children = (
				6EA92DEE269CFEEC0073DF82 /* Base */,
			);
			name = LaunchScreen.storyboard;
			sourceTree = "<group>";
		};
/* End PBXVariantGroup section */

/* Begin XCBuildConfiguration section */
		6EA92DF1269CFEEC0073DF82 /* Debug */ = {
			isa = XCBuildConfiguration;
			buildSettings = {
				ALWAYS_SEARCH_USER_PATHS = NO;
				CLANG_ANALYZER_NONNULL = YES;
				CLANG_ANALYZER_NUMBER_OBJECT_CONVERSION = YES_AGGRESSIVE;
				CLANG_CXX_LANGUAGE_STANDARD = "gnu++14";
				CLANG_CXX_LIBRARY = "libc++";
				CLANG_ENABLE_MODULES = YES;
				CLANG_ENABLE_OBJC_ARC = YES;
				CLANG_ENABLE_OBJC_WEAK = YES;
				CLANG_WARN_BLOCK_CAPTURE_AUTORELEASING = YES;
				CLANG_WARN_BOOL_CONVERSION = YES;
				CLANG_WARN_COMMA = YES;
				CLANG_WARN_CONSTANT_CONVERSION = YES;
				CLANG_WARN_DEPRECATED_OBJC_IMPLEMENTATIONS = YES;
				CLANG_WARN_DIRECT_OBJC_ISA_USAGE = YES_ERROR;
				CLANG_WARN_DOCUMENTATION_COMMENTS = YES;
				CLANG_WARN_EMPTY_BODY = YES;
				CLANG_WARN_ENUM_CONVERSION = YES;
				CLANG_WARN_INFINITE_RECURSION = YES;
				CLANG_WARN_INT_CONVERSION = YES;
				CLANG_WARN_NON_LITERAL_NULL_CONVERSION = YES;
				CLANG_WARN_OBJC_IMPLICIT_RETAIN_SELF = YES;
				CLANG_WARN_OBJC_LITERAL_CONVERSION = YES;
				CLANG_WARN_OBJC_ROOT_CLASS = YES_ERROR;
				CLANG_WARN_QUOTED_INCLUDE_IN_FRAMEWORK_HEADER = YES;
				CLANG_WARN_RANGE_LOOP_ANALYSIS = YES;
				CLANG_WARN_STRICT_PROTOTYPES = YES;
				CLANG_WARN_SUSPICIOUS_MOVE = YES;
				CLANG_WARN_UNGUARDED_AVAILABILITY = YES_AGGRESSIVE;
				CLANG_WARN_UNREACHABLE_CODE = YES;
				CLANG_WARN__DUPLICATE_METHOD_MATCH = YES;
				COPY_PHASE_STRIP = NO;
				DEBUG_INFORMATION_FORMAT = dwarf;
				ENABLE_STRICT_OBJC_MSGSEND = YES;
				ENABLE_TESTABILITY = YES;
				GCC_C_LANGUAGE_STANDARD = gnu11;
				GCC_DYNAMIC_NO_PIC = NO;
				GCC_NO_COMMON_BLOCKS = YES;
				GCC_OPTIMIZATION_LEVEL = 0;
				GCC_PREPROCESSOR_DEFINITIONS = (
					"DEBUG=1",
					"$(inherited)",
				);
				GCC_WARN_64_TO_32_BIT_CONVERSION = YES;
				GCC_WARN_ABOUT_RETURN_TYPE = YES_ERROR;
				GCC_WARN_UNDECLARED_SELECTOR = YES;
				GCC_WARN_UNINITIALIZED_AUTOS = YES_AGGRESSIVE;
				GCC_WARN_UNUSED_FUNCTION = YES;
				GCC_WARN_UNUSED_VARIABLE = YES;
				IPHONEOS_DEPLOYMENT_TARGET = 14.5;
				MTL_ENABLE_DEBUG_INFO = INCLUDE_SOURCE;
				MTL_FAST_MATH = YES;
				ONLY_ACTIVE_ARCH = YES;
				SDKROOT = iphoneos;
				SWIFT_ACTIVE_COMPILATION_CONDITIONS = DEBUG;
				SWIFT_OPTIMIZATION_LEVEL = "-Onone";
			};
			name = Debug;
		};
		6EA92DF2269CFEEC0073DF82 /* Release */ = {
			isa = XCBuildConfiguration;
			buildSettings = {
				ALWAYS_SEARCH_USER_PATHS = NO;
				CLANG_ANALYZER_NONNULL = YES;
				CLANG_ANALYZER_NUMBER_OBJECT_CONVERSION = YES_AGGRESSIVE;
				CLANG_CXX_LANGUAGE_STANDARD = "gnu++14";
				CLANG_CXX_LIBRARY = "libc++";
				CLANG_ENABLE_MODULES = YES;
				CLANG_ENABLE_OBJC_ARC = YES;
				CLANG_ENABLE_OBJC_WEAK = YES;
				CLANG_WARN_BLOCK_CAPTURE_AUTORELEASING = YES;
				CLANG_WARN_BOOL_CONVERSION = YES;
				CLANG_WARN_COMMA = YES;
				CLANG_WARN_CONSTANT_CONVERSION = YES;
				CLANG_WARN_DEPRECATED_OBJC_IMPLEMENTATIONS = YES;
				CLANG_WARN_DIRECT_OBJC_ISA_USAGE = YES_ERROR;
				CLANG_WARN_DOCUMENTATION_COMMENTS = YES;
				CLANG_WARN_EMPTY_BODY = YES;
				CLANG_WARN_ENUM_CONVERSION = YES;
				CLANG_WARN_INFINITE_RECURSION = YES;
				CLANG_WARN_INT_CONVERSION = YES;
				CLANG_WARN_NON_LITERAL_NULL_CONVERSION = YES;
				CLANG_WARN_OBJC_IMPLICIT_RETAIN_SELF = YES;
				CLANG_WARN_OBJC_LITERAL_CONVERSION = YES;
				CLANG_WARN_OBJC_ROOT_CLASS = YES_ERROR;
				CLANG_WARN_QUOTED_INCLUDE_IN_FRAMEWORK_HEADER = YES;
				CLANG_WARN_RANGE_LOOP_ANALYSIS = YES;
				CLANG_WARN_STRICT_PROTOTYPES = YES;
				CLANG_WARN_SUSPICIOUS_MOVE = YES;
				CLANG_WARN_UNGUARDED_AVAILABILITY = YES_AGGRESSIVE;
				CLANG_WARN_UNREACHABLE_CODE = YES;
				CLANG_WARN__DUPLICATE_METHOD_MATCH = YES;
				COPY_PHASE_STRIP = NO;
				DEBUG_INFORMATION_FORMAT = "dwarf-with-dsym";
				ENABLE_NS_ASSERTIONS = NO;
				ENABLE_STRICT_OBJC_MSGSEND = YES;
				GCC_C_LANGUAGE_STANDARD = gnu11;
				GCC_NO_COMMON_BLOCKS = YES;
				GCC_WARN_64_TO_32_BIT_CONVERSION = YES;
				GCC_WARN_ABOUT_RETURN_TYPE = YES_ERROR;
				GCC_WARN_UNDECLARED_SELECTOR = YES;
				GCC_WARN_UNINITIALIZED_AUTOS = YES_AGGRESSIVE;
				GCC_WARN_UNUSED_FUNCTION = YES;
				GCC_WARN_UNUSED_VARIABLE = YES;
				IPHONEOS_DEPLOYMENT_TARGET = 14.5;
				MTL_ENABLE_DEBUG_INFO = NO;
				MTL_FAST_MATH = YES;
				SDKROOT = iphoneos;
				SWIFT_COMPILATION_MODE = wholemodule;
				SWIFT_OPTIMIZATION_LEVEL = "-O";
				VALIDATE_PRODUCT = YES;
			};
			name = Release;
		};
		6EA92DF4269CFEEC0073DF82 /* Debug */ = {
			isa = XCBuildConfiguration;
			baseConfigurationReference = 15EA7467B3037484BCCCF0D5 /* Pods-WantTon.debug.xcconfig */;
			buildSettings = {
				ASSETCATALOG_COMPILER_APPICON_NAME = AppIcon;
				ASSETCATALOG_COMPILER_GLOBAL_ACCENT_COLOR_NAME = AccentColor;
				CODE_SIGN_STYLE = Automatic;
				DEVELOPMENT_TEAM = 9D29M7RT3U;
				INFOPLIST_FILE = WantTon/Info.plist;
				LD_RUNPATH_SEARCH_PATHS = (
					"$(inherited)",
					"@executable_path/Frameworks",
				);
				PRODUCT_BUNDLE_IDENTIFIER = shreeyaindap.WantTon;
				PRODUCT_NAME = "$(TARGET_NAME)";
				SWIFT_VERSION = 5.0;
				TARGETED_DEVICE_FAMILY = "1,2";
			};
			name = Debug;
		};
		6EA92DF5269CFEEC0073DF82 /* Release */ = {
			isa = XCBuildConfiguration;
			baseConfigurationReference = 7995854B2FB9F8442CBFC6EA /* Pods-WantTon.release.xcconfig */;
			buildSettings = {
				ASSETCATALOG_COMPILER_APPICON_NAME = AppIcon;
				ASSETCATALOG_COMPILER_GLOBAL_ACCENT_COLOR_NAME = AccentColor;
				CODE_SIGN_STYLE = Automatic;
				DEVELOPMENT_TEAM = 9D29M7RT3U;
				INFOPLIST_FILE = WantTon/Info.plist;
				LD_RUNPATH_SEARCH_PATHS = (
					"$(inherited)",
					"@executable_path/Frameworks",
				);
				PRODUCT_BUNDLE_IDENTIFIER = shreeyaindap.WantTon;
				PRODUCT_NAME = "$(TARGET_NAME)";
				SWIFT_VERSION = 5.0;
				TARGETED_DEVICE_FAMILY = "1,2";
			};
			name = Release;
		};
/* End XCBuildConfiguration section */

/* Begin XCConfigurationList section */
		6EA92DDA269CFEEA0073DF82 /* Build configuration list for PBXProject "WantTon" */ = {
			isa = XCConfigurationList;
			buildConfigurations = (
				6EA92DF1269CFEEC0073DF82 /* Debug */,
				6EA92DF2269CFEEC0073DF82 /* Release */,
			);
			defaultConfigurationIsVisible = 0;
			defaultConfigurationName = Release;
		};
		6EA92DF3269CFEEC0073DF82 /* Build configuration list for PBXNativeTarget "WantTon" */ = {
			isa = XCConfigurationList;
			buildConfigurations = (
				6EA92DF4269CFEEC0073DF82 /* Debug */,
				6EA92DF5269CFEEC0073DF82 /* Release */,
			);
			defaultConfigurationIsVisible = 0;
			defaultConfigurationName = Release;
		};
/* End XCConfigurationList section */
	};
	rootObject = 6EA92DD7269CFEEA0073DF82 /* Project object */;
}
